<?xml version="1.0" encoding="utf-8"?>
<Project ToolsVersion="4.0" xmlns="http://schemas.microsoft.com/developer/msbuild/2003">
  <ItemGroup>
    <Filter Include="源文件">
      <UniqueIdentifier>{4FC737F1-C7A5-4376-A066-2A32D752A2FF}</UniqueIdentifier>
      <Extensions>cpp;c;cc;cxx;def;odl;idl;hpj;bat;asm;asmx</Extensions>
    </Filter>
    <Filter Include="头文件">
      <UniqueIdentifier>{93995380-89BD-4b04-88EB-625FBE52EBFB}</UniqueIdentifier>
      <Extensions>h;hh;hpp;hxx;hm;inl;inc;xsd</Extensions>
    </Filter>
    <Filter Include="资源文件">
      <UniqueIdentifier>{67DA6AB6-F800-4c08-8B7A-83BB121AAD01}</UniqueIdentifier>
      <Extensions>rc;ico;cur;bmp;dlg;rc2;rct;bin;rgs;gif;jpg;jpeg;jpe;resx;tiff;tif;png;wav;mfcribbon-ms</Extensions>
    </Filter>
  </ItemGroup>
  <ItemGroup>
    <Text Include="ReadMe.txt" />
  </ItemGroup>
  <ItemGroup>
    <ClInclude Include="stdafx.h">
      <Filter>头文件</Filter>
    </ClInclude>
    <ClInclude Include="targetver.h">
      <Filter>头文件</Filter>
    </ClInclude>
    <ClInclude Include="Resource.h">
      <Filter>头文件</Filter>
    </ClInclude>
    <ClInclude Include="Config.h">
      <Filter>头文件</Filter>
    </ClInclude>
    <ClInclude Include="DBUtil.h">
      <Filter>头文件</Filter>
    </ClInclude>
    <ClInclude Include="StrUtil.h">
      <Filter>头文件</Filter>
    </ClInclude>
    <ClInclude Include="UserUtil.h">
      <Filter>头文件</Filter>
    </ClInclude>
    <ClInclude Include="MainFrame.h">
      <Filter>头文件</Filter>
    </ClInclude>
    <ClInclude Include="UserLogin.h">
      <Filter>头文件</Filter>
    </ClInclude>
    <ClInclude Include="Frame.h">
      <Filter>头文件</Filter>
    </ClInclude>
    <ClInclude Include="GlobalSetting.h">
      <Filter>头文件</Filter>
    </ClInclude>
    <ClInclude Include="AlarmLog.h">
      <Filter>头文件</Filter>
    </ClInclude>
    <ClInclude Include="AlarmMonitor.h">
      <Filter>头文件</Filter>
    </ClInclude>
    <ClInclude Include="TabButton.h">
      <Filter>头文件</Filter>
    </ClInclude>
    <ClInclude Include="ImageButton.h">
      <Filter>头文件</Filter>
    </ClInclude>
    <ClInclude Include="ULang.h">
      <Filter>头文件</Filter>
    </ClInclude>
    <ClInclude Include="AlarmSet.h">
      <Filter>头文件</Filter>
    </ClInclude>
    <ClInclude Include="MenuBarPanel.h">
      <Filter>头文件</Filter>
    </ClInclude>
    <ClInclude Include="Panel.h">
      <Filter>头文件</Filter>
    </ClInclude>
    <ClInclude Include="MenuEx.h">
      <Filter>头文件</Filter>
    </ClInclude>
    <ClInclude Include="Aboutdlg.h">
      <Filter>头文件</Filter>
    </ClInclude>
    <ClInclude Include="CameraSet.h">
      <Filter>头文件</Filter>
    </ClInclude>
    <ClInclude Include="ServerSet.h">
      <Filter>头文件</Filter>
    </ClInclude>
    <ClInclude Include="CptionBar.h">
      <Filter>头文件</Filter>
    </ClInclude>
    <ClInclude Include="PeopleManagement.h">
      <Filter>头文件</Filter>
    </ClInclude>
    <ClInclude Include="AddUser.h">
      <Filter>头文件</Filter>
    </ClInclude>
    <ClInclude Include="ModUser.h">
      <Filter>头文件</Filter>
    </ClInclude>
    <ClInclude Include="UserManagement.h">
      <Filter>头文件</Filter>
    </ClInclude>
    <ClInclude Include="WarningBtn.h">
      <Filter>头文件</Filter>
    </ClInclude>
    <ClInclude Include="WarningPanel.h">
      <Filter>头文件</Filter>
    </ClInclude>
    <ClInclude Include="MonitorPanel.h">
      <Filter>头文件</Filter>
    </ClInclude>
    <ClInclude Include="SideBar.h">
      <Filter>头文件</Filter>
    </ClInclude>
    <ClInclude Include="VideoPanel.h">
      <Filter>头文件</Filter>
    </ClInclude>
    <ClInclude Include="DlgPanel.h">
      <Filter>头文件</Filter>
    </ClInclude>
    <ClInclude Include="CvvImage.h">
      <Filter>头文件</Filter>
    </ClInclude>
    <ClInclude Include="DeskPanel.h">
      <Filter>头文件</Filter>
    </ClInclude>
    <ClInclude Include="DeskButton.h">
      <Filter>头文件</Filter>
    </ClInclude>
    <ClInclude Include="DeskContant.h">
      <Filter>头文件</Filter>
    </ClInclude>
    <ClInclude Include="UITreeCtrl.h">
      <Filter>头文件</Filter>
    </ClInclude>
    <ClInclude Include="Events.h">
      <Filter>头文件</Filter>
    </ClInclude>
    <ClInclude Include="EventBus.h">
      <Filter>头文件</Filter>
    </ClInclude>
  </ItemGroup>
  <ItemGroup>
    <ClCompile Include="stdafx.cpp">
      <Filter>源文件</Filter>
    </ClCompile>
    <ClCompile Include="Config.cpp">
      <Filter>源文件</Filter>
    </ClCompile>
    <ClCompile Include="DBUtil.cpp">
      <Filter>源文件</Filter>
    </ClCompile>
    <ClCompile Include="StrUtil.cpp">
      <Filter>源文件</Filter>
    </ClCompile>
    <ClCompile Include="UserUtil.cpp">
      <Filter>源文件</Filter>
    </ClCompile>
    <ClCompile Include="MainFrame.cpp">
      <Filter>源文件</Filter>
    </ClCompile>
    <ClCompile Include="UserLogin.cpp">
      <Filter>源文件</Filter>
    </ClCompile>
    <ClCompile Include="Frame.cpp">
      <Filter>源文件</Filter>
    </ClCompile>
    <ClCompile Include="GlobalSetting.cpp">
      <Filter>源文件</Filter>
    </ClCompile>
    <ClCompile Include="AlarmMonitor.cpp">
      <Filter>源文件</Filter>
    </ClCompile>
    <ClCompile Include="AlarmLog.cpp">
      <Filter>源文件</Filter>
    </ClCompile>
    <ClCompile Include="TabButton.cpp">
      <Filter>源文件</Filter>
    </ClCompile>
    <ClCompile Include="ImageButton.cpp">
      <Filter>源文件</Filter>
    </ClCompile>
    <ClCompile Include="ULang.cpp">
      <Filter>源文件</Filter>
    </ClCompile>
    <ClCompile Include="AlarmSet.cpp">
      <Filter>源文件</Filter>
    </ClCompile>
    <ClCompile Include="MenuBarPanel.cpp">
      <Filter>源文件</Filter>
    </ClCompile>
    <ClCompile Include="Panel.cpp">
      <Filter>源文件</Filter>
    </ClCompile>
    <ClCompile Include="MenuEx.cpp">
      <Filter>源文件</Filter>
    </ClCompile>
    <ClCompile Include="Aboutdlg.cpp">
      <Filter>源文件</Filter>
    </ClCompile>
    <ClCompile Include="CameraSet.cpp">
      <Filter>源文件</Filter>
    </ClCompile>
    <ClCompile Include="ServerSet.cpp">
      <Filter>源文件</Filter>
    </ClCompile>
    <ClCompile Include="CptionBar.cpp">
      <Filter>源文件</Filter>
    </ClCompile>
    <ClCompile Include="PeopleManagement.cpp">
      <Filter>源文件</Filter>
    </ClCompile>
    <ClCompile Include="AddUser.cpp">
      <Filter>源文件</Filter>
    </ClCompile>
    <ClCompile Include="ModUser.cpp">
      <Filter>源文件</Filter>
    </ClCompile>
    <ClCompile Include="UserManagement.cpp">
      <Filter>源文件</Filter>
    </ClCompile>
    <ClCompile Include="WarningBtn.cpp">
      <Filter>源文件</Filter>
    </ClCompile>
    <ClCompile Include="WarningPanel.cpp">
      <Filter>源文件</Filter>
    </ClCompile>
    <ClCompile Include="SideBar.cpp">
      <Filter>源文件</Filter>
    </ClCompile>
    <ClCompile Include="VideoPanel.cpp">
      <Filter>源文件</Filter>
    </ClCompile>
    <ClCompile Include="DlgPanel.cpp">
      <Filter>源文件</Filter>
    </ClCompile>
    <ClCompile Include="CvvImage.cpp">
      <Filter>源文件</Filter>
    </ClCompile>
    <ClCompile Include="DeskPanel.cpp">
      <Filter>源文件</Filter>
    </ClCompile>
    <ClCompile Include="DeskButton.cpp">
      <Filter>源文件</Filter>
    </ClCompile>
    <ClCompile Include="DeskContant.cpp">
      <Filter>源文件</Filter>
    </ClCompile>
    <ClCompile Include="MonitorPanel.cpp">
      <Filter>源文件</Filter>
    </ClCompile>
    <ClCompile Include="UITreeCtrl.cpp">
      <Filter>源文件</Filter>
    </ClCompile>
    <ClCompile Include="Events.cpp">
      <Filter>源文件</Filter>
    </ClCompile>
    <ClCompile Include="EventBus.cpp">
      <Filter>源文件</Filter>
    </ClCompile>
  </ItemGroup>
  <ItemGroup>
    <ResourceCompile Include="MFCFrame.rc">
      <Filter>资源文件</Filter>
    </ResourceCompile>
  </ItemGroup>
  <ItemGroup>
    <Image Include="res\file_view.ico">
      <Filter>资源文件</Filter>
    </Image>
    <Image Include="res\file_view_hc.ico">
      <Filter>资源文件</Filter>
    </Image>
    <Image Include="res\class_view.ico">
      <Filter>资源文件</Filter>
    </Image>
    <Image Include="res\class_view_hc.ico">
      <Filter>资源文件</Filter>
    </Image>
    <Image Include="res\fileview.bmp">
      <Filter>资源文件</Filter>
    </Image>
    <Image Include="res\fileview_hc.bmp">
      <Filter>资源文件</Filter>
    </Image>
    <Image Include="res\classview.bmp">
      <Filter>资源文件</Filter>
    </Image>
    <Image Include="res\classview_hc.bmp">
      <Filter>资源文件</Filter>
    </Image>
    <Image Include="res\explorer.bmp">
      <Filter>资源文件</Filter>
    </Image>
    <Image Include="res\explorer_hc.bmp">
      <Filter>资源文件</Filter>
    </Image>
    <Image Include="res\sort.bmp">
      <Filter>资源文件</Filter>
    </Image>
    <Image Include="res\sort_hc.bmp">
      <Filter>资源文件</Filter>
    </Image>
    <Image Include="res\menuimages.bmp">
      <Filter>资源文件</Filter>
    </Image>
    <Image Include="res\menuimages_hc.bmp">
      <Filter>资源文件</Filter>
    </Image>
    <Image Include="res\output_wnd.ico">
      <Filter>资源文件</Filter>
    </Image>
    <Image Include="res\output_wnd_hc.ico">
      <Filter>资源文件</Filter>
    </Image>
    <Image Include="res\properties_wnd.ico">
      <Filter>资源文件</Filter>
    </Image>
    <Image Include="res\properties_wnd_hc.ico">
      <Filter>资源文件</Filter>
    </Image>
    <Image Include="res\properties.bmp">
      <Filter>资源文件</Filter>
    </Image>
    <Image Include="res\properties_hc.bmp">
      <Filter>资源文件</Filter>
    </Image>
    <Image Include="UserImages.bmp">
      <Filter>资源文件</Filter>
    </Image>
    <Image Include="res\MFCFrameDoc.ico">
      <Filter>资源文件</Filter>
    </Image>
    <Image Include="res\MFCFrame.ico">
      <Filter>资源文件</Filter>
    </Image>
    <Image Include="res\Toolbar.bmp">
      <Filter>资源文件</Filter>
    </Image>
    <Image Include="res\Toolbar256.bmp">
      <Filter>资源文件</Filter>
    </Image>
    <Image Include="image\idb_bake.bmp">
      <Filter>资源文件</Filter>
    </Image>
    <Image Include="image\idb_border.bmp">
      <Filter>资源文件</Filter>
    </Image>
    <Image Include="image\idb_caption.bmp">
      <Filter>资源文件</Filter>
    </Image>
    <Image Include="image\idb_closebtn.bmp">
      <Filter>资源文件</Filter>
    </Image>
    <Image Include="image\idb_collapse.bmp">
      <Filter>资源文件</Filter>
    </Image>
    <Image Include="image\idb_collapsebtn.bmp">
      <Filter>资源文件</Filter>
    </Image>
    <Image Include="image\idb_collapsebtnS.bmp">
      <Filter>资源文件</Filter>
    </Image>
    <Image Include="image\idb_combobox.bmp">
      <Filter>资源文件</Filter>
    </Image>
    <Image Include="image\idb_expand.bmp">
      <Filter>资源文件</Filter>
    </Image>
    <Image Include="image\idb_expandbtn.bmp">
      <Filter>资源文件</Filter>
    </Image>
    <Image Include="image\idb_expandbtnS.bmp">
      <Filter>资源文件</Filter>
    </Image>
    <Image Include="image\idb_maxbtn.bmp">
      <Filter>资源文件</Filter>
    </Image>
    <Image Include="image\idb_minbtn.bmp">
      <Filter>资源文件</Filter>
    </Image>
    <Image Include="image\idb_searchbar.bmp">
      <Filter>资源文件</Filter>
    </Image>
    <Image Include="image\idb_sidebar_head.bmp">
      <Filter>资源文件</Filter>
    </Image>
    <Image Include="image\idb_sidebar_right.bmp">
      <Filter>资源文件</Filter>
    </Image>
    <Image Include="image\idb_deskbutton.bmp">
      <Filter>资源文件</Filter>
    </Image>
    <Image Include="image\idb_tabbar.bmp">
      <Filter>资源文件</Filter>
    </Image>
    <Image Include="image\idb_tabbutton.bmp">
      <Filter>资源文件</Filter>
    </Image>
    <Image Include="image\ABOUT.bmp">
      <Filter>资源文件</Filter>
    </Image>
    <Image Include="image\idb_about.bmp">
      <Filter>资源文件</Filter>
    </Image>
    <Image Include="image\idb_closedlg.bmp">
      <Filter>资源文件</Filter>
    </Image>
    <Image Include="image\idb_sidebar_close.bmp">
      <Filter>资源文件</Filter>
    </Image>
  </ItemGroup>
  <ItemGroup>
    <None Include="res\MFCFrame.rc2">
      <Filter>资源文件</Filter>
    </None>
  </ItemGroup>
</Project>